// !$*UTF8*$!
{
	archiveVersion = 1;
	classes = {
	};
	objectVersion = 60;
	objects = {

/* Begin PBXBuildFile section */
		746C15982F6AC20200F44B30 /* AppDelegate.swift in Sources */ = {isa = PBXBuildFile; fileRef = 746C15802F6AC20200F44B30 /* AppDelegate.swift */; };
		746C15992F6AC20200F44B30 /* AppStorageManager.swift in Sources */ = {isa = PBXBuildFile; fileRef = 746C15812F6AC20200F44B30 /* AppStorageManager.swift */; };
		746C159A2F6AC20200F44B30 /* CollectionAndSettingsViews.swift in Sources */ = {isa = PBXBuildFile; fileRef = 746C15832F6AC20200F44B30 /* CollectionAndSettingsViews.swift */; };
		746C159B2F6AC20200F44B30 /* ContentView.swift in Sources */ = {isa = PBXBuildFile; fileRef = 746C15842F6AC20200F44B30 /* ContentView.swift */; };
		746C159C2F6AC20200F44B30 /* DesignSystem.swift in Sources */ = {isa = PBXBuildFile; fileRef = 746C15852F6AC20200F44B30 /* DesignSystem.swift */; };
		746C159D2F6AC20200F44B30 /* GameModels.swift in Sources */ = {isa = PBXBuildFile; fileRef = 746C15862F6AC20200F44B30 /* GameModels.swift */; };
		746C159E2F6AC20200F44B30 /* HomeViewModel.swift in Sources */ = {isa = PBXBuildFile; fileRef = 746C15872F6AC20200F44B30 /* HomeViewModel.swift */; };
		746C159F2F6AC20200F44B30 /* MainShellView.swift in Sources */ = {isa = PBXBuildFile; fileRef = 746C158D2F6AC20200F44B30 /* MainShellView.swift */; };
		746C15A02F6AC20200F44B30 /* OnboardingViews.swift in Sources */ = {isa = PBXBuildFile; fileRef = 746C158E2F6AC20200F44B30 /* OnboardingViews.swift */; };
		746C15A12F6AC20200F44B30 /* PatternRecallGameView.swift in Sources */ = {isa = PBXBuildFile; fileRef = 746C158F2F6AC20200F44B30 /* PatternRecallGameView.swift */; };
		746C15A22F6AC20200F44B30 /* PixelMatchGameView.swift in Sources */ = {isa = PBXBuildFile; fileRef = 746C15902F6AC20200F44B30 /* PixelMatchGameView.swift */; };
		746C15A32F6AC20200F44B30 /* PlayRootView.swift in Sources */ = {isa = PBXBuildFile; fileRef = 746C15912F6AC20200F44B30 /* PlayRootView.swift */; };
		746C15A42F6AC20200F44B30 /* ResultSummaryView.swift in Sources */ = {isa = PBXBuildFile; fileRef = 746C15922F6AC20200F44B30 /* ResultSummaryView.swift */; };
		746C15A52F6AC20200F44B30 /* SceneDelegate.swift in Sources */ = {isa = PBXBuildFile; fileRef = 746C15932F6AC20200F44B30 /* SceneDelegate.swift */; };
		746C15A62F6AC20200F44B30 /* SeededRandom.swift in Sources */ = {isa = PBXBuildFile; fileRef = 746C15942F6AC20200F44B30 /* SeededRandom.swift */; };
		746C15A72F6AC20200F44B30 /* ShapeSortGameView.swift in Sources */ = {isa = PBXBuildFile; fileRef = 746C15952F6AC20200F44B30 /* ShapeSortGameView.swift */; };
		746C15A82F6AC20200F44B30 /* ViewController.swift in Sources */ = {isa = PBXBuildFile; fileRef = 746C15962F6AC20200F44B30 /* ViewController.swift */; };
		746C15A92F6AC20200F44B30 /* Assets.xcassets in Resources */ = {isa = PBXBuildFile; fileRef = 746C15822F6AC20200F44B30 /* Assets.xcassets */; };
		746C15AB2F6AC20200F44B30 /* LaunchScreen.storyboard in Resources */ = {isa = PBXBuildFile; fileRef = 746C158A2F6AC20200F44B30 /* LaunchScreen.storyboard */; };
		746C15AC2F6AC20200F44B30 /* Main.storyboard in Resources */ = {isa = PBXBuildFile; fileRef = 746C158C2F6AC20200F44B30 /* Main.storyboard */; };
/* End PBXBuildFile section */

/* Begin PBXFileReference section */
		746646892F629D4A0060B71D /* Zorbulsexvor Loxbren.app */ = {isa = PBXFileReference; explicitFileType = wrapper.application; includeInIndex = 0; path = "Zorbulsexvor Loxbren.app"; sourceTree = BUILT_PRODUCTS_DIR; };
		746C15802F6AC20200F44B30 /* AppDelegate.swift */ = {isa = PBXFileReference; lastKnownFileType = sourcecode.swift; path = AppDelegate.swift; sourceTree = "<group>"; };
		746C15812F6AC20200F44B30 /* AppStorageManager.swift */ = {isa = PBXFileReference; lastKnownFileType = sourcecode.swift; path = AppStorageManager.swift; sourceTree = "<group>"; };
		746C15822F6AC20200F44B30 /* Assets.xcassets */ = {isa = PBXFileReference; lastKnownFileType = folder.assetcatalog; path = Assets.xcassets; sourceTree = "<group>"; };
		746C15832F6AC20200F44B30 /* CollectionAndSettingsViews.swift */ = {isa = PBXFileReference; lastKnownFileType = sourcecode.swift; path = CollectionAndSettingsViews.swift; sourceTree = "<group>"; };
		746C15842F6AC20200F44B30 /* ContentView.swift */ = {isa = PBXFileReference; lastKnownFileType = sourcecode.swift; path = ContentView.swift; sourceTree = "<group>"; };
		746C15852F6AC20200F44B30 /* DesignSystem.swift */ = {isa = PBXFileReference; lastKnownFileType = sourcecode.swift; path = DesignSystem.swift; sourceTree = "<group>"; };
		746C15862F6AC20200F44B30 /* GameModels.swift */ = {isa = PBXFileReference; lastKnownFileType = sourcecode.swift; path = GameModels.swift; sourceTree = "<group>"; };
		746C15872F6AC20200F44B30 /* HomeViewModel.swift */ = {isa = PBXFileReference; lastKnownFileType = sourcecode.swift; path = HomeViewModel.swift; sourceTree = "<group>"; };
		746C15882F6AC20200F44B30 /* Info.plist */ = {isa = PBXFileReference; lastKnownFileType = text.plist.xml; path = Info.plist; sourceTree = "<group>"; };
		746C15892F6AC20200F44B30 /* Base */ = {isa = PBXFileReference; lastKnownFileType = file.storyboard; name = Base; path = Base.lproj/LaunchScreen.storyboard; sourceTree = "<group>"; };
		746C158B2F6AC20200F44B30 /* Base */ = {isa = PBXFileReference; lastKnownFileType = file.storyboard; name = Base; path = Base.lproj/Main.storyboard; sourceTree = "<group>"; };
		746C158D2F6AC20200F44B30 /* MainShellView.swift */ = {isa = PBXFileReference; lastKnownFileType = sourcecode.swift; path = MainShellView.swift; sourceTree = "<group>"; };
		746C158E2F6AC20200F44B30 /* OnboardingViews.swift */ = {isa = PBXFileReference; lastKnownFileType = sourcecode.swift; path = OnboardingViews.swift; sourceTree = "<group>"; };
		746C158F2F6AC20200F44B30 /* PatternRecallGameView.swift */ = {isa = PBXFileReference; lastKnownFileType = sourcecode.swift; path = PatternRecallGameView.swift; sourceTree = "<group>"; };
		746C15902F6AC20200F44B30 /* PixelMatchGameView.swift */ = {isa = PBXFileReference; lastKnownFileType = sourcecode.swift; path = PixelMatchGameView.swift; sourceTree = "<group>"; };
		746C15912F6AC20200F44B30 /* PlayRootView.swift */ = {isa = PBXFileReference; lastKnownFileType = sourcecode.swift; path = PlayRootView.swift; sourceTree = "<group>"; };
		746C15922F6AC20200F44B30 /* ResultSummaryView.swift */ = {isa = PBXFileReference; lastKnownFileType = sourcecode.swift; path = ResultSummaryView.swift; sourceTree = "<group>"; };
		746C15932F6AC20200F44B30 /* SceneDelegate.swift */ = {isa = PBXFileReference; lastKnownFileType = sourcecode.swift; path = SceneDelegate.swift; sourceTree = "<group>"; };
		746C15942F6AC20200F44B30 /* SeededRandom.swift */ = {isa = PBXFileReference; lastKnownFileType = sourcecode.swift; path = SeededRandom.swift; sourceTree = "<group>"; };
		746C15952F6AC20200F44B30 /* ShapeSortGameView.swift */ = {isa = PBXFileReference; lastKnownFileType = sourcecode.swift; path = ShapeSortGameView.swift; sourceTree = "<group>"; };
		746C15962F6AC20200F44B30 /* ViewController.swift */ = {isa = PBXFileReference; lastKnownFileType = sourcecode.swift; path = ViewController.swift; sourceTree = "<group>"; };
		8E5900076E6CBF2A51BEE7D7 /* Pods_Zorbulsexvor_Loxbren.framework */ = {isa = PBXFileReference; explicitFileType = wrapper.framework; includeInIndex = 0; path = Pods_Zorbulsexvor_Loxbren.framework; sourceTree = BUILT_PRODUCTS_DIR; };
		C7B0E76F0142B27431D0EF43 /* Pods-Zorbulsexvor Loxbren.debug.xcconfig */ = {isa = PBXFileReference; includeInIndex = 1; lastKnownFileType = text.xcconfig; name = "Pods-Zorbulsexvor Loxbren.debug.xcconfig"; path = "Target Support Files/Pods-Zorbulsexvor Loxbren/Pods-Zorbulsexvor Loxbren.debug.xcconfig"; sourceTree = "<group>"; };
		E6BCE18B955339EEA09C99CA /* Pods-Zorbulsexvor Loxbren.release.xcconfig */ = {isa = PBXFileReference; includeInIndex = 1; lastKnownFileType = text.xcconfig; name = "Pods-Zorbulsexvor Loxbren.release.xcconfig"; path = "Target Support Files/Pods-Zorbulsexvor Loxbren/Pods-Zorbulsexvor Loxbren.release.xcconfig"; sourceTree = "<group>"; };
/* End PBXFileReference section */

/* Begin PBXFrameworksBuildPhase section */
		746646862F629D4A0060B71D /* Frameworks */ = {
			isa = PBXFrameworksBuildPhase;
			buildActionMask = 2147483647;
			files = (
			);
			runOnlyForDeploymentPostprocessing = 0;
		};
/* End PBXFrameworksBuildPhase section */

/* Begin PBXGroup section */
		1E1B6DC3B75E507CD2CA0B47 /* Frameworks */ = {
			isa = PBXGroup;
			children = (
				8E5900076E6CBF2A51BEE7D7 /* Pods_Zorbulsexvor_Loxbren.framework */,
			);
			name = Frameworks;
			sourceTree = "<group>";
		};
		478A08CE83D3506EFCCD0D93 /* Pods */ = {
			isa = PBXGroup;
			children = (
				C7B0E76F0142B27431D0EF43 /* Pods-Zorbulsexvor Loxbren.debug.xcconfig */,
				E6BCE18B955339EEA09C99CA /* Pods-Zorbulsexvor Loxbren.release.xcconfig */,
			);
			path = Pods;
			sourceTree = "<group>";
		};
		746646802F629D4A0060B71D = {
			isa = PBXGroup;
			children = (
				746C15972F6AC20200F44B30 /* Zorbulsexvor Loxbren */,
				7466468A2F629D4A0060B71D /* Products */,
				478A08CE83D3506EFCCD0D93 /* Pods */,
				1E1B6DC3B75E507CD2CA0B47 /* Frameworks */,
			);
			sourceTree = "<group>";
		};
		7466468A2F629D4A0060B71D /* Products */ = {
			isa = PBXGroup;
			children = (
				746646892F629D4A0060B71D /* Zorbulsexvor Loxbren.app */,
			);
			name = Products;
			sourceTree = "<group>";
		};
		746C15972F6AC20200F44B30 /* Zorbulsexvor Loxbren */ = {
			isa = PBXGroup;
			children = (
				746C15802F6AC20200F44B30 /* AppDelegate.swift */,
				746C15812F6AC20200F44B30 /* AppStorageManager.swift */,
				746C15822F6AC20200F44B30 /* Assets.xcassets */,
				746C15832F6AC20200F44B30 /* CollectionAndSettingsViews.swift */,
				746C15842F6AC20200F44B30 /* ContentView.swift */,
				746C15852F6AC20200F44B30 /* DesignSystem.swift */,
				746C15862F6AC20200F44B30 /* GameModels.swift */,
				746C15872F6AC20200F44B30 /* HomeViewModel.swift */,
				746C15882F6AC20200F44B30 /* Info.plist */,
				746C158A2F6AC20200F44B30 /* LaunchScreen.storyboard */,
				746C158C2F6AC20200F44B30 /* Main.storyboard */,
				746C158D2F6AC20200F44B30 /* MainShellView.swift */,
				746C158E2F6AC20200F44B30 /* OnboardingViews.swift */,
				746C158F2F6AC20200F44B30 /* PatternRecallGameView.swift */,
				746C15902F6AC20200F44B30 /* PixelMatchGameView.swift */,
				746C15912F6AC20200F44B30 /* PlayRootView.swift */,
				746C15922F6AC20200F44B30 /* ResultSummaryView.swift */,
				746C15932F6AC20200F44B30 /* SceneDelegate.swift */,
				746C15942F6AC20200F44B30 /* SeededRandom.swift */,
				746C15952F6AC20200F44B30 /* ShapeSortGameView.swift */,
				746C15962F6AC20200F44B30 /* ViewController.swift */,
			);
			path = "Zorbulsexvor Loxbren";
			sourceTree = "<group>";
		};
/* End PBXGroup section */

/* Begin PBXNativeTarget section */
		746646882F629D4A0060B71D /* Zorbulsexvor Loxbren */ = {
			isa = PBXNativeTarget;
			buildConfigurationList = 7466469C2F629D4B0060B71D /* Build configuration list for PBXNativeTarget "Zorbulsexvor Loxbren" */;
			buildPhases = (
				9C9BAC89ABAF9437C2CD8099 /* [CP] Check Pods Manifest.lock */,
				746646852F629D4A0060B71D /* Sources */,
				746646862F629D4A0060B71D /* Frameworks */,
				746646872F629D4A0060B71D /* Resources */,
			);
			buildRules = (
			);
			dependencies = (
			);
			name = "Zorbulsexvor Loxbren";
			productName = "Zorbulsexvor Loxbren";
			productReference = 746646892F629D4A0060B71D /* Zorbulsexvor Loxbren.app */;
			productType = "com.apple.product-type.application";
		};
/* End PBXNativeTarget section */

/* Begin PBXProject section */
		746646812F629D4A0060B71D /* Project object */ = {
			isa = PBXProject;
			attributes = {
				BuildIndependentTargetsInParallel = 1;
				LastSwiftUpdateCheck = 2620;
				LastUpgradeCheck = 2620;
				TargetAttributes = {
					746646882F629D4A0060B71D = {
						CreatedOnToolsVersion = 26.2;
					};
				};
			};
			buildConfigurationList = 746646842F629D4A0060B71D /* Build configuration list for PBXProject "Zorbulsexvor Loxbren" */;
			compatibilityVersion = "Xcode 15.0";
			developmentRegion = en;
			hasScannedForEncodings = 0;
			knownRegions = (
				en,
				Base,
			);
			mainGroup = 746646802F629D4A0060B71D;
			productRefGroup = 7466468A2F629D4A0060B71D /* Products */;
			projectDirPath = "";
			projectRoot = "";
			targets = (
				746646882F629D4A0060B71D /* Zorbulsexvor Loxbren */,
			);
		};
/* End PBXProject section */

/* Begin PBXResourcesBuildPhase section */
		746646872F629D4A0060B71D /* Resources */ = {
			isa = PBXResourcesBuildPhase;
			buildActionMask = 2147483647;
			files = (
				746C15A92F6AC20200F44B30 /* Assets.xcassets in Resources */,
				746C15AB2F6AC20200F44B30 /* LaunchScreen.storyboard in Resources */,
				746C15AC2F6AC20200F44B30 /* Main.storyboard in Resources */,
			);
			runOnlyForDeploymentPostprocessing = 0;
		};
/* End PBXResourcesBuildPhase section */

/* Begin PBXShellScriptBuildPhase section */
		9C9BAC89ABAF9437C2CD8099 /* [CP] Check Pods Manifest.lock */ = {
			isa = PBXShellScriptBuildPhase;
			buildActionMask = 2147483647;
			files = (
			);
			inputFileListPaths = (
			);
			inputPaths = (
				"${PODS_PODFILE_DIR_PATH}/Podfile.lock",
				"${PODS_ROOT}/Manifest.lock",
			);
			name = "[CP] Check Pods Manifest.lock";
			outputFileListPaths = (
			);
			outputPaths = (
				"$(DERIVED_FILE_DIR)/Pods-Zorbulsexvor Loxbren-checkManifestLockResult.txt",
			);
			runOnlyForDeploymentPostprocessing = 0;
			shellPath = /bin/sh;
			shellScript = "diff \"${PODS_PODFILE_DIR_PATH}/Podfile.lock\" \"${PODS_ROOT}/Manifest.lock\" > /dev/null\nif [ $? != 0 ] ; then\n    # print error to STDERR\n    echo \"error: The sandbox is not in sync with the Podfile.lock. Run 'pod install' or update your CocoaPods installation.\" >&2\n    exit 1\nfi\n# This output is used by Xcode 'outputs' to avoid re-running this script phase.\necho \"SUCCESS\" > \"${SCRIPT_OUTPUT_FILE_0}\"\n";
			showEnvVarsInLog = 0;
		};
/* End PBXShellScriptBuildPhase section */

/* Begin PBXSourcesBuildPhase section */
		746646852F629D4A0060B71D /* Sources */ = {
			isa = PBXSourcesBuildPhase;
			buildActionMask = 2147483647;
			files = (
				746C15982F6AC20200F44B30 /* AppDelegate.swift in Sources */,
				746C15992F6AC20200F44B30 /* AppStorageManager.swift in Sources */,
				746C159A2F6AC20200F44B30 /* CollectionAndSettingsViews.swift in Sources */,
				746C159B2F6AC20200F44B30 /* ContentView.swift in Sources */,
				746C159C2F6AC20200F44B30 /* DesignSystem.swift in Sources */,
				746C159D2F6AC20200F44B30 /* GameModels.swift in Sources */,
				746C159E2F6AC20200F44B30 /* HomeViewModel.swift in Sources */,
				746C159F2F6AC20200F44B30 /* MainShellView.swift in Sources */,
				746C15A02F6AC20200F44B30 /* OnboardingViews.swift in Sources */,
				746C15A12F6AC20200F44B30 /* PatternRecallGameView.swift in Sources */,
				746C15A22F6AC20200F44B30 /* PixelMatchGameView.swift in Sources */,
				746C15A32F6AC20200F44B30 /* PlayRootView.swift in Sources */,
				746C15A42F6AC20200F44B30 /* ResultSummaryView.swift in Sources */,
				746C15A52F6AC20200F44B30 /* SceneDelegate.swift in Sources */,
				746C15A62F6AC20200F44B30 /* SeededRandom.swift in Sources */,
				746C15A72F6AC20200F44B30 /* ShapeSortGameView.swift in Sources */,
				746C15A82F6AC20200F44B30 /* ViewController.swift in Sources */,
			);
			runOnlyForDeploymentPostprocessing = 0;
		};
/* End PBXSourcesBuildPhase section */

/* Begin PBXVariantGroup section */
		746C158A2F6AC20200F44B30 /* LaunchScreen.storyboard */ = {
			isa = PBXVariantGroup;
			children = (
				746C15892F6AC20200F44B30 /* Base */,
			);
			name = LaunchScreen.storyboard;
			sourceTree = "<group>";
		};
		746C158C2F6AC20200F44B30 /* Main.storyboard */ = {
			isa = PBXVariantGroup;
			children = (
				746C158B2F6AC20200F44B30 /* Base */,
			);
			name = Main.storyboard;
			sourceTree = "<group>";
		};
/* End PBXVariantGroup section */

/* Begin XCBuildConfiguration section */
		7466469D2F629D4B0060B71D /* Debug */ = {
			isa = XCBuildConfiguration;
			baseConfigurationReference = C7B0E76F0142B27431D0EF43 /* Pods-Zorbulsexvor Loxbren.debug.xcconfig */;
			buildSettings = {
				ASSETCATALOG_COMPILER_APPICON_NAME = AppIcon;
				ASSETCATALOG_COMPILER_GLOBAL_ACCENT_COLOR_NAME = AccentColor;
				CODE_SIGN_STYLE = Automatic;
				CURRENT_PROJECT_VERSION = 2;
				GENERATE_INFOPLIST_FILE = YES;
				INFOPLIST_FILE = "Zorbulsexvor Loxbren/Info.plist";
				INFOPLIST_KEY_CFBundleDisplayName = "Zorbulsexvor Loxbren";
				INFOPLIST_KEY_UIApplicationSupportsIndirectInputEvents = YES;
				INFOPLIST_KEY_UILaunchStoryboardName = LaunchScreen;
				INFOPLIST_KEY_UIMainStoryboardFile = Main;
				INFOPLIST_KEY_UIRequiresFullScreen = YES;
				INFOPLIST_KEY_UISupportedInterfaceOrientations = UIInterfaceOrientationPortrait;
				INFOPLIST_KEY_UISupportedInterfaceOrientations_iPad = "UIInterfaceOrientationLandscapeLeft UIInterfaceOrientationLandscapeRight UIInterfaceOrientationPortrait UIInterfaceOrientationPortraitUpsideDown";
				IPHONEOS_DEPLOYMENT_TARGET = 17;
				LD_RUNPATH_SEARCH_PATHS = (
					"$(inherited)",
					"@executable_path/Frameworks",
				);
				MARKETING_VERSION = 1.0;
				PRODUCT_BUNDLE_IDENTIFIER = com.hun.mn3m2n6m;
				PRODUCT_NAME = "$(TARGET_NAME)";
				STRING_CATALOG_GENERATE_SYMBOLS = YES;
				SUPPORTED_PLATFORMS = "iphoneos iphonesimulator";
				SUPPORTS_MACCATALYST = NO;
				SUPPORTS_MAC_DESIGNED_FOR_IPHONE_IPAD = NO;
				SUPPORTS_XR_DESIGNED_FOR_IPHONE_IPAD = NO;
				SWIFT_APPROACHABLE_CONCURRENCY = YES;
				SWIFT_DEFAULT_ACTOR_ISOLATION = MainActor;
				SWIFT_EMIT_LOC_STRINGS = YES;
				SWIFT_UPCOMING_FEATURE_MEMBER_IMPORT_VISIBILITY = YES;
				SWIFT_VERSION = 5.0;
				TARGETED_DEVICE_FAMILY = 1;
			};
			name = Debug;
		};
		7466469E2F629D4B0060B71D /* Release */ = {
			isa = XCBuildConfiguration;
			baseConfigurationReference = E6BCE18B955339EEA09C99CA /* Pods-Zorbulsexvor Loxbren.release.xcconfig */;
			buildSettings = {
				ASSETCATALOG_COMPILER_APPICON_NAME = AppIcon;
				ASSETCATALOG_COMPILER_GLOBAL_ACCENT_COLOR_NAME = AccentColor;
				CODE_SIGN_STYLE = Automatic;
				CURRENT_PROJECT_VERSION = 2;
				GENERATE_INFOPLIST_FILE = YES;
				INFOPLIST_FILE = "Zorbulsexvor Loxbren/Info.plist";
				INFOPLIST_KEY_CFBundleDisplayName = "Zorbulsexvor Loxbren";
				INFOPLIST_KEY_UIApplicationSupportsIndirectInputEvents = YES;
				INFOPLIST_KEY_UILaunchStoryboardName = LaunchScreen;
				INFOPLIST_KEY_UIMainStoryboardFile = Main;
				INFOPLIST_KEY_UIRequiresFullScreen = YES;
				INFOPLIST_KEY_UISupportedInterfaceOrientations = UIInterfaceOrientationPortrait;
				INFOPLIST_KEY_UISupportedInterfaceOrientations_iPad = "UIInterfaceOrientationLandscapeLeft UIInterfaceOrientationLandscapeRight UIInterfaceOrientationPortrait UIInterfaceOrientationPortraitUpsideDown";
				IPHONEOS_DEPLOYMENT_TARGET = 17;
				LD_RUNPATH_SEARCH_PATHS = (
					"$(inherited)",
					"@executable_path/Frameworks",
				);
				MARKETING_VERSION = 1.0;
				PRODUCT_BUNDLE_IDENTIFIER = com.hun.mn3m2n6m;
				PRODUCT_NAME = "$(TARGET_NAME)";
				STRING_CATALOG_GENERATE_SYMBOLS = YES;
				SUPPORTED_PLATFORMS = "iphoneos iphonesimulator";
				SUPPORTS_MACCATALYST = NO;
				SUPPORTS_MAC_DESIGNED_FOR_IPHONE_IPAD = NO;
				SUPPORTS_XR_DESIGNED_FOR_IPHONE_IPAD = NO;
				SWIFT_APPROACHABLE_CONCURRENCY = YES;
				SWIFT_DEFAULT_ACTOR_ISOLATION = MainActor;
				SWIFT_EMIT_LOC_STRINGS = YES;
				SWIFT_UPCOMING_FEATURE_MEMBER_IMPORT_VISIBILITY = YES;
				SWIFT_VERSION = 5.0;
				TARGETED_DEVICE_FAMILY = 1;
			};
			name = Release;
		};
		7466469F2F629D4B0060B71D /* Debug */ = {
			isa = XCBuildConfiguration;
			buildSettings = {
				ALWAYS_SEARCH_USER_PATHS = NO;
				ASSETCATALOG_COMPILER_GENERATE_SWIFT_ASSET_SYMBOL_EXTENSIONS = YES;
				CLANG_ANALYZER_NONNULL = YES;
				CLANG_ANALYZER_NUMBER_OBJECT_CONVERSION = YES_AGGRESSIVE;
				CLANG_CXX_LANGUAGE_STANDARD = "gnu++20";
				CLANG_ENABLE_MODULES = YES;
				CLANG_ENABLE_OBJC_ARC = YES;
				CLANG_ENABLE_OBJC_WEAK = YES;
				CLANG_WARN_BLOCK_CAPTURE_AUTORELEASING = YES;
				CLANG_WARN_BOOL_CONVERSION = YES;
				CLANG_WARN_COMMA = YES;
				CLANG_WARN_CONSTANT_CONVERSION = YES;
				CLANG_WARN_DEPRECATED_OBJC_IMPLEMENTATIONS = YES;
				CLANG_WARN_DIRECT_OBJC_ISA_USAGE = YES_ERROR;
				CLANG_WARN_DOCUMENTATION_COMMENTS = YES;
				CLANG_WARN_EMPTY_BODY = YES;
				CLANG_WARN_ENUM_CONVERSION = YES;
				CLANG_WARN_INFINITE_RECURSION = YES;
				CLANG_WARN_INT_CONVERSION = YES;
				CLANG_WARN_NON_LITERAL_NULL_CONVERSION = YES;
				CLANG_WARN_OBJC_IMPLICIT_RETAIN_SELF = YES;
				CLANG_WARN_OBJC_LITERAL_CONVERSION = YES;
				CLANG_WARN_OBJC_ROOT_CLASS = YES_ERROR;
				CLANG_WARN_QUOTED_INCLUDE_IN_FRAMEWORK_HEADER = YES;
				CLANG_WARN_RANGE_LOOP_ANALYSIS = YES;
				CLANG_WARN_STRICT_PROTOTYPES = YES;
				CLANG_WARN_SUSPICIOUS_MOVE = YES;
				CLANG_WARN_UNGUARDED_AVAILABILITY = YES_AGGRESSIVE;
				CLANG_WARN_UNREACHABLE_CODE = YES;
				CLANG_WARN__DUPLICATE_METHOD_MATCH = YES;
				COPY_PHASE_STRIP = NO;
				DEBUG_INFORMATION_FORMAT = dwarf;
				ENABLE_STRICT_OBJC_MSGSEND = YES;
				ENABLE_TESTABILITY = YES;
				ENABLE_USER_SCRIPT_SANDBOXING = YES;
				GCC_C_LANGUAGE_STANDARD = gnu17;
				GCC_DYNAMIC_NO_PIC = NO;
				GCC_NO_COMMON_BLOCKS = YES;
				GCC_OPTIMIZATION_LEVEL = 0;
				GCC_PREPROCESSOR_DEFINITIONS = (
					"DEBUG=1",
					"$(inherited)",
				);
				GCC_WARN_64_TO_32_BIT_CONVERSION = YES;
				GCC_WARN_ABOUT_RETURN_TYPE = YES_ERROR;
				GCC_WARN_UNDECLARED_SELECTOR = YES;
				GCC_WARN_UNINITIALIZED_AUTOS = YES_AGGRESSIVE;
				GCC_WARN_UNUSED_FUNCTION = YES;
				GCC_WARN_UNUSED_VARIABLE = YES;
				IPHONEOS_DEPLOYMENT_TARGET = 26.2;
				LOCALIZATION_PREFERS_STRING_CATALOGS = YES;
				MTL_ENABLE_DEBUG_INFO = INCLUDE_SOURCE;
				MTL_FAST_MATH = YES;
				ONLY_ACTIVE_ARCH = YES;
				SDKROOT = iphoneos;
				SWIFT_ACTIVE_COMPILATION_CONDITIONS = "DEBUG $(inherited)";
				SWIFT_OPTIMIZATION_LEVEL = "-Onone";
			};
			name = Debug;
		};
		746646A02F629D4B0060B71D /* Release */ = {
			isa = XCBuildConfiguration;
			buildSettings = {
				ALWAYS_SEARCH_USER_PATHS = NO;
				ASSETCATALOG_COMPILER_GENERATE_SWIFT_ASSET_SYMBOL_EXTENSIONS = YES;
				CLANG_ANALYZER_NONNULL = YES;
				CLANG_ANALYZER_NUMBER_OBJECT_CONVERSION = YES_AGGRESSIVE;
				CLANG_CXX_LANGUAGE_STANDARD = "gnu++20";
				CLANG_ENABLE_MODULES = YES;
				CLANG_ENABLE_OBJC_ARC = YES;
				CLANG_ENABLE_OBJC_WEAK = YES;
				CLANG_WARN_BLOCK_CAPTURE_AUTORELEASING = YES;
				CLANG_WARN_BOOL_CONVERSION = YES;
				CLANG_WARN_COMMA = YES;
				CLANG_WARN_CONSTANT_CONVERSION = YES;
				CLANG_WARN_DEPRECATED_OBJC_IMPLEMENTATIONS = YES;
				CLANG_WARN_DIRECT_OBJC_ISA_USAGE = YES_ERROR;
				CLANG_WARN_DOCUMENTATION_COMMENTS = YES;
				CLANG_WARN_EMPTY_BODY = YES;
				CLANG_WARN_ENUM_CONVERSION = YES;
				CLANG_WARN_INFINITE_RECURSION = YES;
				CLANG_WARN_INT_CONVERSION = YES;
				CLANG_WARN_NON_LITERAL_NULL_CONVERSION = YES;
				CLANG_WARN_OBJC_IMPLICIT_RETAIN_SELF = YES;
				CLANG_WARN_OBJC_LITERAL_CONVERSION = YES;
				CLANG_WARN_OBJC_ROOT_CLASS = YES_ERROR;
				CLANG_WARN_QUOTED_INCLUDE_IN_FRAMEWORK_HEADER = YES;
				CLANG_WARN_RANGE_LOOP_ANALYSIS = YES;
				CLANG_WARN_STRICT_PROTOTYPES = YES;
				CLANG_WARN_SUSPICIOUS_MOVE = YES;
				CLANG_WARN_UNGUARDED_AVAILABILITY = YES_AGGRESSIVE;
				CLANG_WARN_UNREACHABLE_CODE = YES;
				CLANG_WARN__DUPLICATE_METHOD_MATCH = YES;
				COPY_PHASE_STRIP = NO;
				DEBUG_INFORMATION_FORMAT = "dwarf-with-dsym";
				ENABLE_NS_ASSERTIONS = NO;
				ENABLE_STRICT_OBJC_MSGSEND = YES;
				ENABLE_USER_SCRIPT_SANDBOXING = YES;
				GCC_C_LANGUAGE_STANDARD = gnu17;
				GCC_NO_COMMON_BLOCKS = YES;
				GCC_WARN_64_TO_32_BIT_CONVERSION = YES;
				GCC_WARN_ABOUT_RETURN_TYPE = YES_ERROR;
				GCC_WARN_UNDECLARED_SELECTOR = YES;
				GCC_WARN_UNINITIALIZED_AUTOS = YES_AGGRESSIVE;
				GCC_WARN_UNUSED_FUNCTION = YES;
				GCC_WARN_UNUSED_VARIABLE = YES;
				IPHONEOS_DEPLOYMENT_TARGET = 26.2;
				LOCALIZATION_PREFERS_STRING_CATALOGS = YES;
				MTL_ENABLE_DEBUG_INFO = NO;
				MTL_FAST_MATH = YES;
				SDKROOT = iphoneos;
				SWIFT_COMPILATION_MODE = wholemodule;
				VALIDATE_PRODUCT = YES;
			};
			name = Release;
		};
/* End XCBuildConfiguration section */

/* Begin XCConfigurationList section */
		746646842F629D4A0060B71D /* Build configuration list for PBXProject "Zorbulsexvor Loxbren" */ = {
			isa = XCConfigurationList;
			buildConfigurations = (
				7466469F2F629D4B0060B71D /* Debug */,
				746646A02F629D4B0060B71D /* Release */,
			);
			defaultConfigurationIsVisible = 0;
			defaultConfigurationName = Release;
		};
		7466469C2F629D4B0060B71D /* Build configuration list for PBXNativeTarget "Zorbulsexvor Loxbren" */ = {
			isa = XCConfigurationList;
			buildConfigurations = (
				7466469D2F629D4B0060B71D /* Debug */,
				7466469E2F629D4B0060B71D /* Release */,
			);
			defaultConfigurationIsVisible = 0;
			defaultConfigurationName = Release;
		};
/* End XCConfigurationList section */
	};
	rootObject = 746646812F629D4A0060B71D /* Project object */;
}
