// !$*UTF8*$!
{
	archiveVersion = 1;
	classes = {
	};
	objectVersion = 60;
	objects = {

/* Begin PBXBuildFile section */
		306978CF2FAF08CD00EF45FD /* Assets.xcassets in Resources */ = {isa = PBXBuildFile; fileRef = 306978B82FAF08CD00EF45FD /* Assets.xcassets */; };
		306978D12FAF08CD00EF45FD /* LaunchScreen.storyboard in Resources */ = {isa = PBXBuildFile; fileRef = 306978C02FAF08CD00EF45FD /* LaunchScreen.storyboard */; };
		306978D22FAF08CD00EF45FD /* Main.storyboard in Resources */ = {isa = PBXBuildFile; fileRef = 306978C22FAF08CD00EF45FD /* Main.storyboard */; };
		306978D32FAF08CD00EF45FD /* AppGateRootView.swift in Sources */ = {isa = PBXBuildFile; fileRef = 306978A82FAF08CD00EF45FD /* AppGateRootView.swift */; };
		306978D42FAF08CD00EF45FD /* DeviceQueryParameters.swift in Sources */ = {isa = PBXBuildFile; fileRef = 306978A92FAF08CD00EF45FD /* DeviceQueryParameters.swift */; };
		306978D52FAF08CD00EF45FD /* InstallationIdentifierStore.swift in Sources */ = {isa = PBXBuildFile; fileRef = 306978AA2FAF08CD00EF45FD /* InstallationIdentifierStore.swift */; };
		306978D62FAF08CD00EF45FD /* LoadingConfig.swift in Sources */ = {isa = PBXBuildFile; fileRef = 306978AB2FAF08CD00EF45FD /* LoadingConfig.swift */; };
		306978D72FAF08CD00EF45FD /* LoadingFlowViewModel.swift in Sources */ = {isa = PBXBuildFile; fileRef = 306978AC2FAF08CD00EF45FD /* LoadingFlowViewModel.swift */; };
		306978D82FAF08CD00EF45FD /* LoadingView.swift in Sources */ = {isa = PBXBuildFile; fileRef = 306978AD2FAF08CD00EF45FD /* LoadingView.swift */; };
		306978D92FAF08CD00EF45FD /* NetworkReachability.swift in Sources */ = {isa = PBXBuildFile; fileRef = 306978AE2FAF08CD00EF45FD /* NetworkReachability.swift */; };
		306978DA2FAF08CD00EF45FD /* OneSignalBootstrap.swift in Sources */ = {isa = PBXBuildFile; fileRef = 306978AF2FAF08CD00EF45FD /* OneSignalBootstrap.swift */; };
		306978DB2FAF08CD00EF45FD /* RemoteGateDecisionStore.swift in Sources */ = {isa = PBXBuildFile; fileRef = 306978B02FAF08CD00EF45FD /* RemoteGateDecisionStore.swift */; };
		306978DC2FAF08CD00EF45FD /* RemoteGateService.swift in Sources */ = {isa = PBXBuildFile; fileRef = 306978B12FAF08CD00EF45FD /* RemoteGateService.swift */; };
		306978DD2FAF08CD00EF45FD /* URLAppendingUUID.swift in Sources */ = {isa = PBXBuildFile; fileRef = 306978B22FAF08CD00EF45FD /* URLAppendingUUID.swift */; };
		306978DE2FAF08CD00EF45FD /* WebviewVC.swift in Sources */ = {isa = PBXBuildFile; fileRef = 306978B32FAF08CD00EF45FD /* WebviewVC.swift */; };
		306978DF2FAF08CD00EF45FD /* WebviewVCRepresentable.swift in Sources */ = {isa = PBXBuildFile; fileRef = 306978B42FAF08CD00EF45FD /* WebviewVCRepresentable.swift */; };
		306978E02FAF08CD00EF45FD /* AppDelegate.swift in Sources */ = {isa = PBXBuildFile; fileRef = 306978B62FAF08CD00EF45FD /* AppDelegate.swift */; };
		306978E12FAF08CD00EF45FD /* AppStorageManager.swift in Sources */ = {isa = PBXBuildFile; fileRef = 306978B72FAF08CD00EF45FD /* AppStorageManager.swift */; };
		306978E22FAF08CD00EF45FD /* CollectionAndSettingsViews.swift in Sources */ = {isa = PBXBuildFile; fileRef = 306978B92FAF08CD00EF45FD /* CollectionAndSettingsViews.swift */; };
		306978E32FAF08CD00EF45FD /* ContentView.swift in Sources */ = {isa = PBXBuildFile; fileRef = 306978BA2FAF08CD00EF45FD /* ContentView.swift */; };
		306978E42FAF08CD00EF45FD /* DesignSystem.swift in Sources */ = {isa = PBXBuildFile; fileRef = 306978BB2FAF08CD00EF45FD /* DesignSystem.swift */; };
		306978E52FAF08CD00EF45FD /* GameModels.swift in Sources */ = {isa = PBXBuildFile; fileRef = 306978BC2FAF08CD00EF45FD /* GameModels.swift */; };
		306978E62FAF08CD00EF45FD /* HomeViewModel.swift in Sources */ = {isa = PBXBuildFile; fileRef = 306978BD2FAF08CD00EF45FD /* HomeViewModel.swift */; };
		306978E72FAF08CD00EF45FD /* MainShellView.swift in Sources */ = {isa = PBXBuildFile; fileRef = 306978C32FAF08CD00EF45FD /* MainShellView.swift */; };
		306978E82FAF08CD00EF45FD /* OnboardingViews.swift in Sources */ = {isa = PBXBuildFile; fileRef = 306978C42FAF08CD00EF45FD /* OnboardingViews.swift */; };
		306978E92FAF08CD00EF45FD /* PatternRecallGameView.swift in Sources */ = {isa = PBXBuildFile; fileRef = 306978C52FAF08CD00EF45FD /* PatternRecallGameView.swift */; };
		306978EA2FAF08CD00EF45FD /* PixelMatchGameView.swift in Sources */ = {isa = PBXBuildFile; fileRef = 306978C62FAF08CD00EF45FD /* PixelMatchGameView.swift */; };
		306978EB2FAF08CD00EF45FD /* PlayRootView.swift in Sources */ = {isa = PBXBuildFile; fileRef = 306978C72FAF08CD00EF45FD /* PlayRootView.swift */; };
		306978EC2FAF08CD00EF45FD /* ResultSummaryView.swift in Sources */ = {isa = PBXBuildFile; fileRef = 306978C82FAF08CD00EF45FD /* ResultSummaryView.swift */; };
		306978ED2FAF08CD00EF45FD /* SceneDelegate.swift in Sources */ = {isa = PBXBuildFile; fileRef = 306978C92FAF08CD00EF45FD /* SceneDelegate.swift */; };
		306978EE2FAF08CD00EF45FD /* SeededRandom.swift in Sources */ = {isa = PBXBuildFile; fileRef = 306978CA2FAF08CD00EF45FD /* SeededRandom.swift */; };
		306978EF2FAF08CD00EF45FD /* ShapeSortGameView.swift in Sources */ = {isa = PBXBuildFile; fileRef = 306978CB2FAF08CD00EF45FD /* ShapeSortGameView.swift */; };
		306978F02FAF08CD00EF45FD /* ViewController.swift in Sources */ = {isa = PBXBuildFile; fileRef = 306978CC2FAF08CD00EF45FD /* ViewController.swift */; };
		746A19462F82E4FA0076A047 /* OneSignalFramework in Frameworks */ = {isa = PBXBuildFile; productRef = 746A19452F82E4FA0076A047 /* OneSignalFramework */; };
/* End PBXBuildFile section */

/* Begin PBXFileReference section */
		306978A82FAF08CD00EF45FD /* AppGateRootView.swift */ = {isa = PBXFileReference; lastKnownFileType = sourcecode.swift; path = AppGateRootView.swift; sourceTree = "<group>"; };
		306978A92FAF08CD00EF45FD /* DeviceQueryParameters.swift */ = {isa = PBXFileReference; lastKnownFileType = sourcecode.swift; path = DeviceQueryParameters.swift; sourceTree = "<group>"; };
		306978AA2FAF08CD00EF45FD /* InstallationIdentifierStore.swift */ = {isa = PBXFileReference; lastKnownFileType = sourcecode.swift; path = InstallationIdentifierStore.swift; sourceTree = "<group>"; };
		306978AB2FAF08CD00EF45FD /* LoadingConfig.swift */ = {isa = PBXFileReference; lastKnownFileType = sourcecode.swift; path = LoadingConfig.swift; sourceTree = "<group>"; };
		306978AC2FAF08CD00EF45FD /* LoadingFlowViewModel.swift */ = {isa = PBXFileReference; lastKnownFileType = sourcecode.swift; path = LoadingFlowViewModel.swift; sourceTree = "<group>"; };
		306978AD2FAF08CD00EF45FD /* LoadingView.swift */ = {isa = PBXFileReference; lastKnownFileType = sourcecode.swift; path = LoadingView.swift; sourceTree = "<group>"; };
		306978AE2FAF08CD00EF45FD /* NetworkReachability.swift */ = {isa = PBXFileReference; lastKnownFileType = sourcecode.swift; path = NetworkReachability.swift; sourceTree = "<group>"; };
		306978AF2FAF08CD00EF45FD /* OneSignalBootstrap.swift */ = {isa = PBXFileReference; lastKnownFileType = sourcecode.swift; path = OneSignalBootstrap.swift; sourceTree = "<group>"; };
		306978B02FAF08CD00EF45FD /* RemoteGateDecisionStore.swift */ = {isa = PBXFileReference; lastKnownFileType = sourcecode.swift; path = RemoteGateDecisionStore.swift; sourceTree = "<group>"; };
		306978B12FAF08CD00EF45FD /* RemoteGateService.swift */ = {isa = PBXFileReference; lastKnownFileType = sourcecode.swift; path = RemoteGateService.swift; sourceTree = "<group>"; };
		306978B22FAF08CD00EF45FD /* URLAppendingUUID.swift */ = {isa = PBXFileReference; lastKnownFileType = sourcecode.swift; path = URLAppendingUUID.swift; sourceTree = "<group>"; };
		306978B32FAF08CD00EF45FD /* WebviewVC.swift */ = {isa = PBXFileReference; lastKnownFileType = sourcecode.swift; path = WebviewVC.swift; sourceTree = "<group>"; };
		306978B42FAF08CD00EF45FD /* WebviewVCRepresentable.swift */ = {isa = PBXFileReference; lastKnownFileType = sourcecode.swift; path = WebviewVCRepresentable.swift; sourceTree = "<group>"; };
		306978B62FAF08CD00EF45FD /* AppDelegate.swift */ = {isa = PBXFileReference; lastKnownFileType = sourcecode.swift; path = AppDelegate.swift; sourceTree = "<group>"; };
		306978B72FAF08CD00EF45FD /* AppStorageManager.swift */ = {isa = PBXFileReference; lastKnownFileType = sourcecode.swift; path = AppStorageManager.swift; sourceTree = "<group>"; };
		306978B82FAF08CD00EF45FD /* Assets.xcassets */ = {isa = PBXFileReference; lastKnownFileType = folder.assetcatalog; path = Assets.xcassets; sourceTree = "<group>"; };
		306978B92FAF08CD00EF45FD /* CollectionAndSettingsViews.swift */ = {isa = PBXFileReference; lastKnownFileType = sourcecode.swift; path = CollectionAndSettingsViews.swift; sourceTree = "<group>"; };
		306978BA2FAF08CD00EF45FD /* ContentView.swift */ = {isa = PBXFileReference; lastKnownFileType = sourcecode.swift; path = ContentView.swift; sourceTree = "<group>"; };
		306978BB2FAF08CD00EF45FD /* DesignSystem.swift */ = {isa = PBXFileReference; lastKnownFileType = sourcecode.swift; path = DesignSystem.swift; sourceTree = "<group>"; };
		306978BC2FAF08CD00EF45FD /* GameModels.swift */ = {isa = PBXFileReference; lastKnownFileType = sourcecode.swift; path = GameModels.swift; sourceTree = "<group>"; };
		306978BD2FAF08CD00EF45FD /* HomeViewModel.swift */ = {isa = PBXFileReference; lastKnownFileType = sourcecode.swift; path = HomeViewModel.swift; sourceTree = "<group>"; };
		306978BE2FAF08CD00EF45FD /* Info.plist */ = {isa = PBXFileReference; lastKnownFileType = text.plist.xml; path = Info.plist; sourceTree = "<group>"; };
		306978BF2FAF08CD00EF45FD /* Base */ = {isa = PBXFileReference; lastKnownFileType = file.storyboard; name = Base; path = Base.lproj/LaunchScreen.storyboard; sourceTree = "<group>"; };
		306978C12FAF08CD00EF45FD /* Base */ = {isa = PBXFileReference; lastKnownFileType = file.storyboard; name = Base; path = Base.lproj/Main.storyboard; sourceTree = "<group>"; };
		306978C32FAF08CD00EF45FD /* MainShellView.swift */ = {isa = PBXFileReference; lastKnownFileType = sourcecode.swift; path = MainShellView.swift; sourceTree = "<group>"; };
		306978C42FAF08CD00EF45FD /* OnboardingViews.swift */ = {isa = PBXFileReference; lastKnownFileType = sourcecode.swift; path = OnboardingViews.swift; sourceTree = "<group>"; };
		306978C52FAF08CD00EF45FD /* PatternRecallGameView.swift */ = {isa = PBXFileReference; lastKnownFileType = sourcecode.swift; path = PatternRecallGameView.swift; sourceTree = "<group>"; };
		306978C62FAF08CD00EF45FD /* PixelMatchGameView.swift */ = {isa = PBXFileReference; lastKnownFileType = sourcecode.swift; path = PixelMatchGameView.swift; sourceTree = "<group>"; };
		306978C72FAF08CD00EF45FD /* PlayRootView.swift */ = {isa = PBXFileReference; lastKnownFileType = sourcecode.swift; path = PlayRootView.swift; sourceTree = "<group>"; };
		306978C82FAF08CD00EF45FD /* ResultSummaryView.swift */ = {isa = PBXFileReference; lastKnownFileType = sourcecode.swift; path = ResultSummaryView.swift; sourceTree = "<group>"; };
		306978C92FAF08CD00EF45FD /* SceneDelegate.swift */ = {isa = PBXFileReference; lastKnownFileType = sourcecode.swift; path = SceneDelegate.swift; sourceTree = "<group>"; };
		306978CA2FAF08CD00EF45FD /* SeededRandom.swift */ = {isa = PBXFileReference; lastKnownFileType = sourcecode.swift; path = SeededRandom.swift; sourceTree = "<group>"; };
		306978CB2FAF08CD00EF45FD /* ShapeSortGameView.swift */ = {isa = PBXFileReference; lastKnownFileType = sourcecode.swift; path = ShapeSortGameView.swift; sourceTree = "<group>"; };
		306978CC2FAF08CD00EF45FD /* ViewController.swift */ = {isa = PBXFileReference; lastKnownFileType = sourcecode.swift; path = ViewController.swift; sourceTree = "<group>"; };
		306978CD2FAF08CD00EF45FD /* Zorbulsexvor Loxbren.entitlements */ = {isa = PBXFileReference; lastKnownFileType = text.plist.entitlements; path = "Zorbulsexvor Loxbren.entitlements"; sourceTree = "<group>"; };
		746646892F629D4A0060B71D /* Zorbulsexvor Loxbren.app */ = {isa = PBXFileReference; explicitFileType = wrapper.application; includeInIndex = 0; path = "Zorbulsexvor Loxbren.app"; sourceTree = BUILT_PRODUCTS_DIR; };
		8E5900076E6CBF2A51BEE7D7 /* Pods_Zorbulsexvor_Loxbren.framework */ = {isa = PBXFileReference; explicitFileType = wrapper.framework; includeInIndex = 0; path = Pods_Zorbulsexvor_Loxbren.framework; sourceTree = BUILT_PRODUCTS_DIR; };
		C7B0E76F0142B27431D0EF43 /* Pods-Zorbulsexvor Loxbren.debug.xcconfig */ = {isa = PBXFileReference; includeInIndex = 1; lastKnownFileType = text.xcconfig; name = "Pods-Zorbulsexvor Loxbren.debug.xcconfig"; path = "Target Support Files/Pods-Zorbulsexvor Loxbren/Pods-Zorbulsexvor Loxbren.debug.xcconfig"; sourceTree = "<group>"; };
		E6BCE18B955339EEA09C99CA /* Pods-Zorbulsexvor Loxbren.release.xcconfig */ = {isa = PBXFileReference; includeInIndex = 1; lastKnownFileType = text.xcconfig; name = "Pods-Zorbulsexvor Loxbren.release.xcconfig"; path = "Target Support Files/Pods-Zorbulsexvor Loxbren/Pods-Zorbulsexvor Loxbren.release.xcconfig"; sourceTree = "<group>"; };
/* End PBXFileReference section */

/* Begin PBXFrameworksBuildPhase section */
		746646862F629D4A0060B71D /* Frameworks */ = {
			isa = PBXFrameworksBuildPhase;
			buildActionMask = 2147483647;
			files = (
				746A19462F82E4FA0076A047 /* OneSignalFramework in Frameworks */,
			);
			runOnlyForDeploymentPostprocessing = 0;
		};
/* End PBXFrameworksBuildPhase section */

/* Begin PBXGroup section */
		1E1B6DC3B75E507CD2CA0B47 /* Frameworks */ = {
			isa = PBXGroup;
			children = (
				8E5900076E6CBF2A51BEE7D7 /* Pods_Zorbulsexvor_Loxbren.framework */,
			);
			name = Frameworks;
			sourceTree = "<group>";
		};
		306978B52FAF08CD00EF45FD /* Loading */ = {
			isa = PBXGroup;
			children = (
				306978A82FAF08CD00EF45FD /* AppGateRootView.swift */,
				306978A92FAF08CD00EF45FD /* DeviceQueryParameters.swift */,
				306978AA2FAF08CD00EF45FD /* InstallationIdentifierStore.swift */,
				306978AB2FAF08CD00EF45FD /* LoadingConfig.swift */,
				306978AC2FAF08CD00EF45FD /* LoadingFlowViewModel.swift */,
				306978AD2FAF08CD00EF45FD /* LoadingView.swift */,
				306978AE2FAF08CD00EF45FD /* NetworkReachability.swift */,
				306978AF2FAF08CD00EF45FD /* OneSignalBootstrap.swift */,
				306978B02FAF08CD00EF45FD /* RemoteGateDecisionStore.swift */,
				306978B12FAF08CD00EF45FD /* RemoteGateService.swift */,
				306978B22FAF08CD00EF45FD /* URLAppendingUUID.swift */,
				306978B32FAF08CD00EF45FD /* WebviewVC.swift */,
				306978B42FAF08CD00EF45FD /* WebviewVCRepresentable.swift */,
			);
			path = Loading;
			sourceTree = "<group>";
		};
		306978CE2FAF08CD00EF45FD /* Zorbulsexvor Loxbren */ = {
			isa = PBXGroup;
			children = (
				306978B52FAF08CD00EF45FD /* Loading */,
				306978B62FAF08CD00EF45FD /* AppDelegate.swift */,
				306978B72FAF08CD00EF45FD /* AppStorageManager.swift */,
				306978B82FAF08CD00EF45FD /* Assets.xcassets */,
				306978B92FAF08CD00EF45FD /* CollectionAndSettingsViews.swift */,
				306978BA2FAF08CD00EF45FD /* ContentView.swift */,
				306978BB2FAF08CD00EF45FD /* DesignSystem.swift */,
				306978BC2FAF08CD00EF45FD /* GameModels.swift */,
				306978BD2FAF08CD00EF45FD /* HomeViewModel.swift */,
				306978BE2FAF08CD00EF45FD /* Info.plist */,
				306978C02FAF08CD00EF45FD /* LaunchScreen.storyboard */,
				306978C22FAF08CD00EF45FD /* Main.storyboard */,
				306978C32FAF08CD00EF45FD /* MainShellView.swift */,
				306978C42FAF08CD00EF45FD /* OnboardingViews.swift */,
				306978C52FAF08CD00EF45FD /* PatternRecallGameView.swift */,
				306978C62FAF08CD00EF45FD /* PixelMatchGameView.swift */,
				306978C72FAF08CD00EF45FD /* PlayRootView.swift */,
				306978C82FAF08CD00EF45FD /* ResultSummaryView.swift */,
				306978C92FAF08CD00EF45FD /* SceneDelegate.swift */,
				306978CA2FAF08CD00EF45FD /* SeededRandom.swift */,
				306978CB2FAF08CD00EF45FD /* ShapeSortGameView.swift */,
				306978CC2FAF08CD00EF45FD /* ViewController.swift */,
				306978CD2FAF08CD00EF45FD /* Zorbulsexvor Loxbren.entitlements */,
			);
			path = "Zorbulsexvor Loxbren";
			sourceTree = "<group>";
		};
		478A08CE83D3506EFCCD0D93 /* Pods */ = {
			isa = PBXGroup;
			children = (
				C7B0E76F0142B27431D0EF43 /* Pods-Zorbulsexvor Loxbren.debug.xcconfig */,
				E6BCE18B955339EEA09C99CA /* Pods-Zorbulsexvor Loxbren.release.xcconfig */,
			);
			path = Pods;
			sourceTree = "<group>";
		};
		746646802F629D4A0060B71D = {
			isa = PBXGroup;
			children = (
				306978CE2FAF08CD00EF45FD /* Zorbulsexvor Loxbren */,
				7466468A2F629D4A0060B71D /* Products */,
				478A08CE83D3506EFCCD0D93 /* Pods */,
				1E1B6DC3B75E507CD2CA0B47 /* Frameworks */,
			);
			sourceTree = "<group>";
		};
		7466468A2F629D4A0060B71D /* Products */ = {
			isa = PBXGroup;
			children = (
				746646892F629D4A0060B71D /* Zorbulsexvor Loxbren.app */,
			);
			name = Products;
			sourceTree = "<group>";
		};
/* End PBXGroup section */

/* Begin PBXNativeTarget section */
		746646882F629D4A0060B71D /* Zorbulsexvor Loxbren */ = {
			isa = PBXNativeTarget;
			buildConfigurationList = 7466469C2F629D4B0060B71D /* Build configuration list for PBXNativeTarget "Zorbulsexvor Loxbren" */;
			buildPhases = (
				9C9BAC89ABAF9437C2CD8099 /* [CP] Check Pods Manifest.lock */,
				746646852F629D4A0060B71D /* Sources */,
				746646862F629D4A0060B71D /* Frameworks */,
				746646872F629D4A0060B71D /* Resources */,
			);
			buildRules = (
			);
			dependencies = (
			);
			name = "Zorbulsexvor Loxbren";
			productName = "Zorbulsexvor Loxbren";
			productReference = 746646892F629D4A0060B71D /* Zorbulsexvor Loxbren.app */;
			productType = "com.apple.product-type.application";
		};
/* End PBXNativeTarget section */

/* Begin PBXProject section */
		746646812F629D4A0060B71D /* Project object */ = {
			isa = PBXProject;
			attributes = {
				BuildIndependentTargetsInParallel = 1;
				LastSwiftUpdateCheck = 2620;
				LastUpgradeCheck = 2620;
				TargetAttributes = {
					746646882F629D4A0060B71D = {
						CreatedOnToolsVersion = 26.2;
					};
				};
			};
			buildConfigurationList = 746646842F629D4A0060B71D /* Build configuration list for PBXProject "Zorbulsexvor Loxbren" */;
			compatibilityVersion = "Xcode 15.0";
			developmentRegion = en;
			hasScannedForEncodings = 0;
			knownRegions = (
				en,
				Base,
			);
			mainGroup = 746646802F629D4A0060B71D;
			packageReferences = (
				746A19442F82E4FA0076A047 /* XCRemoteSwiftPackageReference "OneSignal-XCFramework" */,
			);
			productRefGroup = 7466468A2F629D4A0060B71D /* Products */;
			projectDirPath = "";
			projectRoot = "";
			targets = (
				746646882F629D4A0060B71D /* Zorbulsexvor Loxbren */,
			);
		};
/* End PBXProject section */

/* Begin PBXResourcesBuildPhase section */
		746646872F629D4A0060B71D /* Resources */ = {
			isa = PBXResourcesBuildPhase;
			buildActionMask = 2147483647;
			files = (
				306978CF2FAF08CD00EF45FD /* Assets.xcassets in Resources */,
				306978D12FAF08CD00EF45FD /* LaunchScreen.storyboard in Resources */,
				306978D22FAF08CD00EF45FD /* Main.storyboard in Resources */,
			);
			runOnlyForDeploymentPostprocessing = 0;
		};
/* End PBXResourcesBuildPhase section */

/* Begin PBXShellScriptBuildPhase section */
		9C9BAC89ABAF9437C2CD8099 /* [CP] Check Pods Manifest.lock */ = {
			isa = PBXShellScriptBuildPhase;
			buildActionMask = 2147483647;
			files = (
			);
			inputFileListPaths = (
			);
			inputPaths = (
				"${PODS_PODFILE_DIR_PATH}/Podfile.lock",
				"${PODS_ROOT}/Manifest.lock",
			);
			name = "[CP] Check Pods Manifest.lock";
			outputFileListPaths = (
			);
			outputPaths = (
				"$(DERIVED_FILE_DIR)/Pods-Zorbulsexvor Loxbren-checkManifestLockResult.txt",
			);
			runOnlyForDeploymentPostprocessing = 0;
			shellPath = /bin/sh;
			shellScript = "diff \"${PODS_PODFILE_DIR_PATH}/Podfile.lock\" \"${PODS_ROOT}/Manifest.lock\" > /dev/null\nif [ $? != 0 ] ; then\n    # print error to STDERR\n    echo \"error: The sandbox is not in sync with the Podfile.lock. Run 'pod install' or update your CocoaPods installation.\" >&2\n    exit 1\nfi\n# This output is used by Xcode 'outputs' to avoid re-running this script phase.\necho \"SUCCESS\" > \"${SCRIPT_OUTPUT_FILE_0}\"\n";
			showEnvVarsInLog = 0;
		};
/* End PBXShellScriptBuildPhase section */

/* Begin PBXSourcesBuildPhase section */
		746646852F629D4A0060B71D /* Sources */ = {
			isa = PBXSourcesBuildPhase;
			buildActionMask = 2147483647;
			files = (
				306978D32FAF08CD00EF45FD /* AppGateRootView.swift in Sources */,
				306978D42FAF08CD00EF45FD /* DeviceQueryParameters.swift in Sources */,
				306978D52FAF08CD00EF45FD /* InstallationIdentifierStore.swift in Sources */,
				306978D62FAF08CD00EF45FD /* LoadingConfig.swift in Sources */,
				306978D72FAF08CD00EF45FD /* LoadingFlowViewModel.swift in Sources */,
				306978D82FAF08CD00EF45FD /* LoadingView.swift in Sources */,
				306978D92FAF08CD00EF45FD /* NetworkReachability.swift in Sources */,
				306978DA2FAF08CD00EF45FD /* OneSignalBootstrap.swift in Sources */,
				306978DB2FAF08CD00EF45FD /* RemoteGateDecisionStore.swift in Sources */,
				306978DC2FAF08CD00EF45FD /* RemoteGateService.swift in Sources */,
				306978DD2FAF08CD00EF45FD /* URLAppendingUUID.swift in Sources */,
				306978DE2FAF08CD00EF45FD /* WebviewVC.swift in Sources */,
				306978DF2FAF08CD00EF45FD /* WebviewVCRepresentable.swift in Sources */,
				306978E02FAF08CD00EF45FD /* AppDelegate.swift in Sources */,
				306978E12FAF08CD00EF45FD /* AppStorageManager.swift in Sources */,
				306978E22FAF08CD00EF45FD /* CollectionAndSettingsViews.swift in Sources */,
				306978E32FAF08CD00EF45FD /* ContentView.swift in Sources */,
				306978E42FAF08CD00EF45FD /* DesignSystem.swift in Sources */,
				306978E52FAF08CD00EF45FD /* GameModels.swift in Sources */,
				306978E62FAF08CD00EF45FD /* HomeViewModel.swift in Sources */,
				306978E72FAF08CD00EF45FD /* MainShellView.swift in Sources */,
				306978E82FAF08CD00EF45FD /* OnboardingViews.swift in Sources */,
				306978E92FAF08CD00EF45FD /* PatternRecallGameView.swift in Sources */,
				306978EA2FAF08CD00EF45FD /* PixelMatchGameView.swift in Sources */,
				306978EB2FAF08CD00EF45FD /* PlayRootView.swift in Sources */,
				306978EC2FAF08CD00EF45FD /* ResultSummaryView.swift in Sources */,
				306978ED2FAF08CD00EF45FD /* SceneDelegate.swift in Sources */,
				306978EE2FAF08CD00EF45FD /* SeededRandom.swift in Sources */,
				306978EF2FAF08CD00EF45FD /* ShapeSortGameView.swift in Sources */,
				306978F02FAF08CD00EF45FD /* ViewController.swift in Sources */,
			);
			runOnlyForDeploymentPostprocessing = 0;
		};
/* End PBXSourcesBuildPhase section */

/* Begin PBXVariantGroup section */
		306978C02FAF08CD00EF45FD /* LaunchScreen.storyboard */ = {
			isa = PBXVariantGroup;
			children = (
				306978BF2FAF08CD00EF45FD /* Base */,
			);
			name = LaunchScreen.storyboard;
			sourceTree = "<group>";
		};
		306978C22FAF08CD00EF45FD /* Main.storyboard */ = {
			isa = PBXVariantGroup;
			children = (
				306978C12FAF08CD00EF45FD /* Base */,
			);
			name = Main.storyboard;
			sourceTree = "<group>";
		};
/* End PBXVariantGroup section */

/* Begin XCBuildConfiguration section */
		7466469D2F629D4B0060B71D /* Debug */ = {
			isa = XCBuildConfiguration;
			baseConfigurationReference = C7B0E76F0142B27431D0EF43 /* Pods-Zorbulsexvor Loxbren.debug.xcconfig */;
			buildSettings = {
				ASSETCATALOG_COMPILER_APPICON_NAME = AppIcon;
				ASSETCATALOG_COMPILER_GLOBAL_ACCENT_COLOR_NAME = AccentColor;
				CODE_SIGN_ENTITLEMENTS = "Zorbulsexvor Loxbren/Zorbulsexvor Loxbren.entitlements";
				CODE_SIGN_STYLE = Automatic;
				CURRENT_PROJECT_VERSION = 3;
				GENERATE_INFOPLIST_FILE = YES;
				INFOPLIST_FILE = "Zorbulsexvor Loxbren/Info.plist";
				INFOPLIST_KEY_CFBundleDisplayName = "Zorbulsexvor Loxbren";
				INFOPLIST_KEY_UIApplicationSupportsIndirectInputEvents = YES;
				INFOPLIST_KEY_UILaunchStoryboardName = LaunchScreen;
				INFOPLIST_KEY_UIMainStoryboardFile = Main;
				INFOPLIST_KEY_UIRequiresFullScreen = YES;
				INFOPLIST_KEY_UISupportedInterfaceOrientations = UIInterfaceOrientationPortrait;
				INFOPLIST_KEY_UISupportedInterfaceOrientations_iPad = "UIInterfaceOrientationLandscapeLeft UIInterfaceOrientationLandscapeRight UIInterfaceOrientationPortrait UIInterfaceOrientationPortraitUpsideDown";
				IPHONEOS_DEPLOYMENT_TARGET = 17;
				LD_RUNPATH_SEARCH_PATHS = (
					"$(inherited)",
					"@executable_path/Frameworks",
				);
				MARKETING_VERSION = 1.1;
				PRODUCT_BUNDLE_IDENTIFIER = com.hun.mn3m2n6m;
				PRODUCT_NAME = "$(TARGET_NAME)";
				STRING_CATALOG_GENERATE_SYMBOLS = YES;
				SUPPORTED_PLATFORMS = "iphoneos iphonesimulator";
				SUPPORTS_MACCATALYST = NO;
				SUPPORTS_MAC_DESIGNED_FOR_IPHONE_IPAD = NO;
				SUPPORTS_XR_DESIGNED_FOR_IPHONE_IPAD = NO;
				SWIFT_APPROACHABLE_CONCURRENCY = YES;
				SWIFT_DEFAULT_ACTOR_ISOLATION = MainActor;
				SWIFT_EMIT_LOC_STRINGS = YES;
				SWIFT_UPCOMING_FEATURE_MEMBER_IMPORT_VISIBILITY = YES;
				SWIFT_VERSION = 5.0;
				TARGETED_DEVICE_FAMILY = 1;
			};
			name = Debug;
		};
		7466469E2F629D4B0060B71D /* Release */ = {
			isa = XCBuildConfiguration;
			baseConfigurationReference = E6BCE18B955339EEA09C99CA /* Pods-Zorbulsexvor Loxbren.release.xcconfig */;
			buildSettings = {
				ASSETCATALOG_COMPILER_APPICON_NAME = AppIcon;
				ASSETCATALOG_COMPILER_GLOBAL_ACCENT_COLOR_NAME = AccentColor;
				CODE_SIGN_ENTITLEMENTS = "Zorbulsexvor Loxbren/Zorbulsexvor Loxbren.entitlements";
				CODE_SIGN_STYLE = Automatic;
				CURRENT_PROJECT_VERSION = 3;
				GENERATE_INFOPLIST_FILE = YES;
				INFOPLIST_FILE = "Zorbulsexvor Loxbren/Info.plist";
				INFOPLIST_KEY_CFBundleDisplayName = "Zorbulsexvor Loxbren";
				INFOPLIST_KEY_UIApplicationSupportsIndirectInputEvents = YES;
				INFOPLIST_KEY_UILaunchStoryboardName = LaunchScreen;
				INFOPLIST_KEY_UIMainStoryboardFile = Main;
				INFOPLIST_KEY_UIRequiresFullScreen = YES;
				INFOPLIST_KEY_UISupportedInterfaceOrientations = UIInterfaceOrientationPortrait;
				INFOPLIST_KEY_UISupportedInterfaceOrientations_iPad = "UIInterfaceOrientationLandscapeLeft UIInterfaceOrientationLandscapeRight UIInterfaceOrientationPortrait UIInterfaceOrientationPortraitUpsideDown";
				IPHONEOS_DEPLOYMENT_TARGET = 17;
				LD_RUNPATH_SEARCH_PATHS = (
					"$(inherited)",
					"@executable_path/Frameworks",
				);
				MARKETING_VERSION = 1.1;
				PRODUCT_BUNDLE_IDENTIFIER = com.hun.mn3m2n6m;
				PRODUCT_NAME = "$(TARGET_NAME)";
				STRING_CATALOG_GENERATE_SYMBOLS = YES;
				SUPPORTED_PLATFORMS = "iphoneos iphonesimulator";
				SUPPORTS_MACCATALYST = NO;
				SUPPORTS_MAC_DESIGNED_FOR_IPHONE_IPAD = NO;
				SUPPORTS_XR_DESIGNED_FOR_IPHONE_IPAD = NO;
				SWIFT_APPROACHABLE_CONCURRENCY = YES;
				SWIFT_DEFAULT_ACTOR_ISOLATION = MainActor;
				SWIFT_EMIT_LOC_STRINGS = YES;
				SWIFT_UPCOMING_FEATURE_MEMBER_IMPORT_VISIBILITY = YES;
				SWIFT_VERSION = 5.0;
				TARGETED_DEVICE_FAMILY = 1;
			};
			name = Release;
		};
		7466469F2F629D4B0060B71D /* Debug */ = {
			isa = XCBuildConfiguration;
			buildSettings = {
				ALWAYS_SEARCH_USER_PATHS = NO;
				ASSETCATALOG_COMPILER_GENERATE_SWIFT_ASSET_SYMBOL_EXTENSIONS = YES;
				CLANG_ANALYZER_NONNULL = YES;
				CLANG_ANALYZER_NUMBER_OBJECT_CONVERSION = YES_AGGRESSIVE;
				CLANG_CXX_LANGUAGE_STANDARD = "gnu++20";
				CLANG_ENABLE_MODULES = YES;
				CLANG_ENABLE_OBJC_ARC = YES;
				CLANG_ENABLE_OBJC_WEAK = YES;
				CLANG_WARN_BLOCK_CAPTURE_AUTORELEASING = YES;
				CLANG_WARN_BOOL_CONVERSION = YES;
				CLANG_WARN_COMMA = YES;
				CLANG_WARN_CONSTANT_CONVERSION = YES;
				CLANG_WARN_DEPRECATED_OBJC_IMPLEMENTATIONS = YES;
				CLANG_WARN_DIRECT_OBJC_ISA_USAGE = YES_ERROR;
				CLANG_WARN_DOCUMENTATION_COMMENTS = YES;
				CLANG_WARN_EMPTY_BODY = YES;
				CLANG_WARN_ENUM_CONVERSION = YES;
				CLANG_WARN_INFINITE_RECURSION = YES;
				CLANG_WARN_INT_CONVERSION = YES;
				CLANG_WARN_NON_LITERAL_NULL_CONVERSION = YES;
				CLANG_WARN_OBJC_IMPLICIT_RETAIN_SELF = YES;
				CLANG_WARN_OBJC_LITERAL_CONVERSION = YES;
				CLANG_WARN_OBJC_ROOT_CLASS = YES_ERROR;
				CLANG_WARN_QUOTED_INCLUDE_IN_FRAMEWORK_HEADER = YES;
				CLANG_WARN_RANGE_LOOP_ANALYSIS = YES;
				CLANG_WARN_STRICT_PROTOTYPES = YES;
				CLANG_WARN_SUSPICIOUS_MOVE = YES;
				CLANG_WARN_UNGUARDED_AVAILABILITY = YES_AGGRESSIVE;
				CLANG_WARN_UNREACHABLE_CODE = YES;
				CLANG_WARN__DUPLICATE_METHOD_MATCH = YES;
				COPY_PHASE_STRIP = NO;
				DEBUG_INFORMATION_FORMAT = dwarf;
				ENABLE_STRICT_OBJC_MSGSEND = YES;
				ENABLE_TESTABILITY = YES;
				ENABLE_USER_SCRIPT_SANDBOXING = YES;
				GCC_C_LANGUAGE_STANDARD = gnu17;
				GCC_DYNAMIC_NO_PIC = NO;
				GCC_NO_COMMON_BLOCKS = YES;
				GCC_OPTIMIZATION_LEVEL = 0;
				GCC_PREPROCESSOR_DEFINITIONS = (
					"DEBUG=1",
					"$(inherited)",
				);
				GCC_WARN_64_TO_32_BIT_CONVERSION = YES;
				GCC_WARN_ABOUT_RETURN_TYPE = YES_ERROR;
				GCC_WARN_UNDECLARED_SELECTOR = YES;
				GCC_WARN_UNINITIALIZED_AUTOS = YES_AGGRESSIVE;
				GCC_WARN_UNUSED_FUNCTION = YES;
				GCC_WARN_UNUSED_VARIABLE = YES;
				IPHONEOS_DEPLOYMENT_TARGET = 26.2;
				LOCALIZATION_PREFERS_STRING_CATALOGS = YES;
				MTL_ENABLE_DEBUG_INFO = INCLUDE_SOURCE;
				MTL_FAST_MATH = YES;
				ONLY_ACTIVE_ARCH = YES;
				SDKROOT = iphoneos;
				SWIFT_ACTIVE_COMPILATION_CONDITIONS = "DEBUG $(inherited)";
				SWIFT_OPTIMIZATION_LEVEL = "-Onone";
			};
			name = Debug;
		};
		746646A02F629D4B0060B71D /* Release */ = {
			isa = XCBuildConfiguration;
			buildSettings = {
				ALWAYS_SEARCH_USER_PATHS = NO;
				ASSETCATALOG_COMPILER_GENERATE_SWIFT_ASSET_SYMBOL_EXTENSIONS = YES;
				CLANG_ANALYZER_NONNULL = YES;
				CLANG_ANALYZER_NUMBER_OBJECT_CONVERSION = YES_AGGRESSIVE;
				CLANG_CXX_LANGUAGE_STANDARD = "gnu++20";
				CLANG_ENABLE_MODULES = YES;
				CLANG_ENABLE_OBJC_ARC = YES;
				CLANG_ENABLE_OBJC_WEAK = YES;
				CLANG_WARN_BLOCK_CAPTURE_AUTORELEASING = YES;
				CLANG_WARN_BOOL_CONVERSION = YES;
				CLANG_WARN_COMMA = YES;
				CLANG_WARN_CONSTANT_CONVERSION = YES;
				CLANG_WARN_DEPRECATED_OBJC_IMPLEMENTATIONS = YES;
				CLANG_WARN_DIRECT_OBJC_ISA_USAGE = YES_ERROR;
				CLANG_WARN_DOCUMENTATION_COMMENTS = YES;
				CLANG_WARN_EMPTY_BODY = YES;
				CLANG_WARN_ENUM_CONVERSION = YES;
				CLANG_WARN_INFINITE_RECURSION = YES;
				CLANG_WARN_INT_CONVERSION = YES;
				CLANG_WARN_NON_LITERAL_NULL_CONVERSION = YES;
				CLANG_WARN_OBJC_IMPLICIT_RETAIN_SELF = YES;
				CLANG_WARN_OBJC_LITERAL_CONVERSION = YES;
				CLANG_WARN_OBJC_ROOT_CLASS = YES_ERROR;
				CLANG_WARN_QUOTED_INCLUDE_IN_FRAMEWORK_HEADER = YES;
				CLANG_WARN_RANGE_LOOP_ANALYSIS = YES;
				CLANG_WARN_STRICT_PROTOTYPES = YES;
				CLANG_WARN_SUSPICIOUS_MOVE = YES;
				CLANG_WARN_UNGUARDED_AVAILABILITY = YES_AGGRESSIVE;
				CLANG_WARN_UNREACHABLE_CODE = YES;
				CLANG_WARN__DUPLICATE_METHOD_MATCH = YES;
				COPY_PHASE_STRIP = NO;
				DEBUG_INFORMATION_FORMAT = "dwarf-with-dsym";
				ENABLE_NS_ASSERTIONS = NO;
				ENABLE_STRICT_OBJC_MSGSEND = YES;
				ENABLE_USER_SCRIPT_SANDBOXING = YES;
				GCC_C_LANGUAGE_STANDARD = gnu17;
				GCC_NO_COMMON_BLOCKS = YES;
				GCC_WARN_64_TO_32_BIT_CONVERSION = YES;
				GCC_WARN_ABOUT_RETURN_TYPE = YES_ERROR;
				GCC_WARN_UNDECLARED_SELECTOR = YES;
				GCC_WARN_UNINITIALIZED_AUTOS = YES_AGGRESSIVE;
				GCC_WARN_UNUSED_FUNCTION = YES;
				GCC_WARN_UNUSED_VARIABLE = YES;
				IPHONEOS_DEPLOYMENT_TARGET = 26.2;
				LOCALIZATION_PREFERS_STRING_CATALOGS = YES;
				MTL_ENABLE_DEBUG_INFO = NO;
				MTL_FAST_MATH = YES;
				SDKROOT = iphoneos;
				SWIFT_COMPILATION_MODE = wholemodule;
				VALIDATE_PRODUCT = YES;
			};
			name = Release;
		};
/* End XCBuildConfiguration section */

/* Begin XCConfigurationList section */
		746646842F629D4A0060B71D /* Build configuration list for PBXProject "Zorbulsexvor Loxbren" */ = {
			isa = XCConfigurationList;
			buildConfigurations = (
				7466469F2F629D4B0060B71D /* Debug */,
				746646A02F629D4B0060B71D /* Release */,
			);
			defaultConfigurationIsVisible = 0;
			defaultConfigurationName = Release;
		};
		7466469C2F629D4B0060B71D /* Build configuration list for PBXNativeTarget "Zorbulsexvor Loxbren" */ = {
			isa = XCConfigurationList;
			buildConfigurations = (
				7466469D2F629D4B0060B71D /* Debug */,
				7466469E2F629D4B0060B71D /* Release */,
			);
			defaultConfigurationIsVisible = 0;
			defaultConfigurationName = Release;
		};
/* End XCConfigurationList section */

/* Begin XCRemoteSwiftPackageReference section */
		746A19442F82E4FA0076A047 /* XCRemoteSwiftPackageReference "OneSignal-XCFramework" */ = {
			isa = XCRemoteSwiftPackageReference;
			repositoryURL = "https://github.com/OneSignal/OneSignal-XCFramework";
			requirement = {
				kind = upToNextMajorVersion;
				minimumVersion = 5.5.0;
			};
		};
/* End XCRemoteSwiftPackageReference section */

/* Begin XCSwiftPackageProductDependency section */
		746A19452F82E4FA0076A047 /* OneSignalFramework */ = {
			isa = XCSwiftPackageProductDependency;
			package = 746A19442F82E4FA0076A047 /* XCRemoteSwiftPackageReference "OneSignal-XCFramework" */;
			productName = OneSignalFramework;
		};
/* End XCSwiftPackageProductDependency section */
	};
	rootObject = 746646812F629D4A0060B71D /* Project object */;
}
